
Microsoft Visual Studio Solution File, Format Version 12.00
# Visual Studio Version 17
VisualStudioVersion = 17.3.32819.101
MinimumVisualStudioVersion = 10.0.40219.1
Project("{8BC9CEB8-8B4A-11D0-8D11-00A0C91BC942}") = "AF_TextureHighlighting", "AF_TextureHighlighting\AF_TextureHighlighting.vcxproj", "{81C44136-0A3C-449C-ACAF-78B926F7D603}"
EndProject
Global
	GlobalSection(SolutionConfigurationPlatforms) = preSolution
		G1 Debug|x86 = G1 Debug|x86
		G1 MD Release|x86 = G1 MD Release|x86
		G1 MT Release|x86 = G1 MT Release|x86
		G1A Debug|x86 = G1A Debug|x86
		G1A MD Release|x86 = G1A MD Release|x86
		G1A MT Release|x86 = G1A MT Release|x86
		G2 Debug|x86 = G2 Debug|x86
		G2 MD Release|x86 = G2 MD Release|x86
		G2 MT Release|x86 = G2 MT Release|x86
		G2A Debug|x86 = G2A Debug|x86
		G2A MD Release|x86 = G2A MD Release|x86
		G2A MT Release|x86 = G2A MT Release|x86
		MP x2 Debug|x86 = MP x2 Debug|x86
		MP x2 MD Release|x86 = MP x2 MD Release|x86
		MP x2 MT Release|x86 = MP x2 MT Release|x86
		MP x4 Debug|x86 = MP x4 Debug|x86
		MP x4 MD Release|x86 = MP x4 MD Release|x86
		MP x4 MT Release|x86 = MP x4 MT Release|x86
	EndGlobalSection
	GlobalSection(ProjectConfigurationPlatforms) = postSolution
		{81C44136-0A3C-449C-ACAF-78B926F7D603}.G1 Debug|x86.ActiveCfg = G1 Debug|Win32
		{81C44136-0A3C-449C-ACAF-78B926F7D603}.G1 Debug|x86.Build.0 = G1 Debug|Win32
		{81C44136-0A3C-449C-ACAF-78B926F7D603}.G1 MD Release|x86.ActiveCfg = G1 MD Release|Win32
		{81C44136-0A3C-449C-ACAF-78B926F7D603}.G1 MD Release|x86.Build.0 = G1 MD Release|Win32
		{81C44136-0A3C-449C-ACAF-78B926F7D603}.G1 MT Release|x86.ActiveCfg = G1 MT Release|Win32
		{81C44136-0A3C-449C-ACAF-78B926F7D603}.G1 MT Release|x86.Build.0 = G1 MT Release|Win32
		{81C44136-0A3C-449C-ACAF-78B926F7D603}.G1A Debug|x86.ActiveCfg = G1A Debug|Win32
		{81C44136-0A3C-449C-ACAF-78B926F7D603}.G1A Debug|x86.Build.0 = G1A Debug|Win32
		{81C44136-0A3C-449C-ACAF-78B926F7D603}.G1A MD Release|x86.ActiveCfg = G1A MD Release|Win32
		{81C44136-0A3C-449C-ACAF-78B926F7D603}.G1A MD Release|x86.Build.0 = G1A MD Release|Win32
		{81C44136-0A3C-449C-ACAF-78B926F7D603}.G1A MT Release|x86.ActiveCfg = G1A MT Release|Win32
		{81C44136-0A3C-449C-ACAF-78B926F7D603}.G1A MT Release|x86.Build.0 = G1A MT Release|Win32
		{81C44136-0A3C-449C-ACAF-78B926F7D603}.G2 Debug|x86.ActiveCfg = G2 Debug|Win32
		{81C44136-0A3C-449C-ACAF-78B926F7D603}.G2 Debug|x86.Build.0 = G2 Debug|Win32
		{81C44136-0A3C-449C-ACAF-78B926F7D603}.G2 MD Release|x86.ActiveCfg = G2 MD Release|Win32
		{81C44136-0A3C-449C-ACAF-78B926F7D603}.G2 MD Release|x86.Build.0 = G2 MD Release|Win32
		{81C44136-0A3C-449C-ACAF-78B926F7D603}.G2 MT Release|x86.ActiveCfg = G2 MT Release|Win32
		{81C44136-0A3C-449C-ACAF-78B926F7D603}.G2 MT Release|x86.Build.0 = G2 MT Release|Win32
		{81C44136-0A3C-449C-ACAF-78B926F7D603}.G2A Debug|x86.ActiveCfg = G2A Debug|Win32
		{81C44136-0A3C-449C-ACAF-78B926F7D603}.G2A Debug|x86.Build.0 = G2A Debug|Win32
		{81C44136-0A3C-449C-ACAF-78B926F7D603}.G2A MD Release|x86.ActiveCfg = G2A MD Release|Win32
		{81C44136-0A3C-449C-ACAF-78B926F7D603}.G2A MD Release|x86.Build.0 = G2A MD Release|Win32
		{81C44136-0A3C-449C-ACAF-78B926F7D603}.G2A MT Release|x86.ActiveCfg = G2A MT Release|Win32
		{81C44136-0A3C-449C-ACAF-78B926F7D603}.G2A MT Release|x86.Build.0 = G2A MT Release|Win32
		{81C44136-0A3C-449C-ACAF-78B926F7D603}.MP x2 Debug|x86.ActiveCfg = MP x2 Debug|Win32
		{81C44136-0A3C-449C-ACAF-78B926F7D603}.MP x2 Debug|x86.Build.0 = MP x2 Debug|Win32
		{81C44136-0A3C-449C-ACAF-78B926F7D603}.MP x2 MD Release|x86.ActiveCfg = MP x2 MD Release|Win32
		{81C44136-0A3C-449C-ACAF-78B926F7D603}.MP x2 MD Release|x86.Build.0 = MP x2 MD Release|Win32
		{81C44136-0A3C-449C-ACAF-78B926F7D603}.MP x2 MT Release|x86.ActiveCfg = MP x2 MT Release|Win32
		{81C44136-0A3C-449C-ACAF-78B926F7D603}.MP x2 MT Release|x86.Build.0 = MP x2 MT Release|Win32
		{81C44136-0A3C-449C-ACAF-78B926F7D603}.MP x4 Debug|x86.ActiveCfg = MP x4 Debug|Win32
		{81C44136-0A3C-449C-ACAF-78B926F7D603}.MP x4 Debug|x86.Build.0 = MP x4 Debug|Win32
		{81C44136-0A3C-449C-ACAF-78B926F7D603}.MP x4 MD Release|x86.ActiveCfg = MP x4 MD Release|Win32
		{81C44136-0A3C-449C-ACAF-78B926F7D603}.MP x4 MD Release|x86.Build.0 = MP x4 MD Release|Win32
		{81C44136-0A3C-449C-ACAF-78B926F7D603}.MP x4 MT Release|x86.ActiveCfg = MP x4 MT Release|Win32
		{81C44136-0A3C-449C-ACAF-78B926F7D603}.MP x4 MT Release|x86.Build.0 = MP x4 MT Release|Win32
	EndGlobalSection
	GlobalSection(SolutionProperties) = preSolution
		HideSolutionNode = FALSE
	EndGlobalSection
	GlobalSection(ExtensibilityGlobals) = postSolution
		SolutionGuid = {BBCB8E74-D017-4E89-A73D-C90C45AB7802}
	EndGlobalSection
EndGlobal
